<?xml version="1.0" encoding="utf-8"?>
<Project ToolsVersion="4.0" xmlns="http://schemas.microsoft.com/developer/msbuild/2003">
  <ItemGroup>
    <Filter Include="SOURCE">
      <UniqueIdentifier>{4FC737F1-C7A5-4376-A066-2A32D752A2FF}</UniqueIdentifier>
      <Extensions>cpp;c;cc;cxx;c++;cppm;ixx;def;odl;idl;hpj;bat;asm;asmx</Extensions>
    </Filter>
    <Filter Include="SOURCE\Utils">
      <UniqueIdentifier>{d8a247be-4ab6-4c31-bb3f-cee878fa6f23}</UniqueIdentifier>
    </Filter>
    <Filter Include="SHADERS">
      <UniqueIdentifier>{cfa435cb-5f3f-4097-b62e-c7e8bcaf717a}</UniqueIdentifier>
    </Filter>
    <Filter Include="SOURCE\Common">
      <UniqueIdentifier>{a20d544d-c9c5-4ae3-ab32-d23e762f13d8}</UniqueIdentifier>
    </Filter>
    <Filter Include="SOURCE\Graphics">
      <UniqueIdentifier>{b4dbcb20-f1bc-4eb1-a7f6-c9f36875308e}</UniqueIdentifier>
    </Filter>
    <Filter Include="SOURCE\Input">
      <UniqueIdentifier>{8aefcb13-977c-45b9-b75a-f6ba466d0293}</UniqueIdentifier>
    </Filter>
    <Filter Include="SOURCE\ECS">
      <UniqueIdentifier>{f46fc02a-3fd7-425c-9f6d-1706c984b9cc}</UniqueIdentifier>
    </Filter>
    <Filter Include="SOURCE\FX">
      <UniqueIdentifier>{8168d990-2c62-4743-bcd3-0f7c485087b1}</UniqueIdentifier>
    </Filter>
    <Filter Include="ImGui">
      <UniqueIdentifier>{e5f8327d-c66a-44b0-991e-141851066155}</UniqueIdentifier>
    </Filter>
  </ItemGroup>
  <ItemGroup>
    <ClInclude Include="Source\Engine\Application.h">
      <Filter>SOURCE</Filter>
    </ClInclude>
    <ClInclude Include="Source\Engine\GlmIncludes.h">
      <Filter>SOURCE</Filter>
    </ClInclude>
    <ClInclude Include="Source\Engine\Logger.h">
      <Filter>SOURCE\Utils</Filter>
    </ClInclude>
    <ClInclude Include="Source\Engine\Utils.h">
      <Filter>SOURCE\Utils</Filter>
    </ClInclude>
    <ClInclude Include="Source\Engine\Timer.h">
      <Filter>SOURCE\Utils</Filter>
    </ClInclude>
    <ClInclude Include="Source\Engine\Platform.h">
      <Filter>SOURCE\Common</Filter>
    </ClInclude>
    <ClInclude Include="Source\Engine\CommonInclude.h">
      <Filter>SOURCE\Common</Filter>
    </ClInclude>
    <ClInclude Include="Source\Engine\GLFWInput.h">
      <Filter>SOURCE\Input</Filter>
    </ClInclude>
    <ClInclude Include="Source\Engine\EventDispatcher.h">
      <Filter>SOURCE\Input</Filter>
    </ClInclude>
    <ClInclude Include="Source\Engine\Graphics.h">
      <Filter>SOURCE\Graphics</Filter>
    </ClInclude>
    <ClInclude Include="Source\Engine\GraphicsDevice.h">
      <Filter>SOURCE\Graphics</Filter>
    </ClInclude>
    <ClInclude Include="Source\Engine\Input.h">
      <Filter>SOURCE\Input</Filter>
    </ClInclude>
    <ClInclude Include="Source\Engine\VulkanGraphicsDevice.h">
      <Filter>SOURCE\Graphics</Filter>
    </ClInclude>
    <ClInclude Include="Source\Engine\spirv_reflect.h">
      <Filter>SOURCE\Graphics</Filter>
    </ClInclude>
    <ClInclude Include="Source\Engine\ECS.h">
      <Filter>SOURCE\ECS</Filter>
    </ClInclude>
    <ClInclude Include="Source\Engine\GraphicsSandbox.h">
      <Filter>SOURCE</Filter>
    </ClInclude>
    <ClInclude Include="Source\Engine\Scene.h">
      <Filter>SOURCE\ECS</Filter>
    </ClInclude>
    <ClInclude Include="Source\Engine\Components.h">
      <Filter>SOURCE\ECS</Filter>
    </ClInclude>
    <ClInclude Include="Source\Engine\GpuMemoryAllocator.h">
      <Filter>SOURCE\Graphics</Filter>
    </ClInclude>
    <ClInclude Include="Source\Engine\EnvironmentMap.h">
      <Filter>SOURCE\Graphics</Filter>
    </ClInclude>
    <ClInclude Include="Source\Engine\Renderer.h">
      <Filter>SOURCE\Graphics</Filter>
    </ClInclude>
    <ClInclude Include="Source\Engine\ImageLoader.h">
      <Filter>SOURCE\Utils</Filter>
    </ClInclude>
    <ClInclude Include="Source\Shared\MeshData.h" />
    <ClInclude Include="Source\Shared\MathUtils.h" />
    <ClInclude Include="Source\Engine\FX\Bloom.h">
      <Filter>SOURCE\FX</Filter>
    </ClInclude>
    <ClInclude Include="Source\Engine\Camera.h">
      <Filter>SOURCE\ECS</Filter>
    </ClInclude>
    <ClInclude Include="Source\Engine\GraphicsUtils.h">
      <Filter>SOURCE\Graphics</Filter>
    </ClInclude>
    <ClInclude Include="Source\Test\BloomTest.h" />
    <ClInclude Include="Source\Editor\EditorApplication.h" />
    <ClInclude Include="Source\Engine\Profiler.h" />
    <ClInclude Include="Source\Editor\SceneHierarchy.h" />
    <ClInclude Include="Source\Engine\TextureCache.h" />
    <ClInclude Include="Source\Engine\DebugDraw.h" />
    <ClInclude Include="Source\Engine\StringConstants.h" />
    <ClInclude Include="Source\Engine\CascadedShadowMap.h" />
    <ClInclude Include="Source\Test\SponzaTest.h" />
    <ClInclude Include="Source\Editor\FileDialog.h" />
    <ClInclude Include="Source\Engine\Interpolator.h" />
    <ClInclude Include="Source\Editor\ImGui\imconfig.h" />
    <ClInclude Include="Source\Editor\ImGui\imgui.h" />
    <ClInclude Include="Source\Editor\ImGui\imgui_impl_glfw.h" />
    <ClInclude Include="Source\Editor\ImGui\imgui_impl_vulkan.h" />
    <ClInclude Include="Source\Editor\ImGui\imgui_internal.h" />
    <ClInclude Include="Source\Editor\ImGui\imstb_rectpack.h" />
    <ClInclude Include="Source\Editor\ImGui\imstb_textedit.h" />
    <ClInclude Include="Source\Editor\ImGui\imstb_truetype.h" />
    <ClInclude Include="Source\Editor\ImPlot\implot.h" />
    <ClInclude Include="Source\Editor\ImPlot\implot_internal.h" />
  </ItemGroup>
  <ItemGroup>
    <ClCompile Include="Source\Engine\Application.cpp">
      <Filter>SOURCE</Filter>
    </ClCompile>
    <ClCompile Include="Source\Engine\Logger.cpp">
      <Filter>SOURCE\Utils</Filter>
    </ClCompile>
    <ClCompile Include="Source\Engine\Utils.cpp">
      <Filter>SOURCE\Utils</Filter>
    </ClCompile>
    <ClCompile Include="Source\Engine\GLFWInput.cpp">
      <Filter>SOURCE\Input</Filter>
    </ClCompile>
    <ClCompile Include="Source\Engine\EventDispatcher.cpp">
      <Filter>SOURCE\Input</Filter>
    </ClCompile>
    <ClCompile Include="Source\Engine\Input.cpp">
      <Filter>SOURCE\Input</Filter>
    </ClCompile>
    <ClCompile Include="Source\Engine\VulkanGraphicsDevice.cpp">
      <Filter>SOURCE\Graphics</Filter>
    </ClCompile>
    <ClCompile Include="Source\Engine\spriv_reflect.c">
      <Filter>SOURCE\Graphics</Filter>
    </ClCompile>
    <ClCompile Include="Source\Engine\Scene.cpp">
      <Filter>SOURCE\ECS</Filter>
    </ClCompile>
    <ClCompile Include="Source\Engine\Components.cpp">
      <Filter>SOURCE\ECS</Filter>
    </ClCompile>
    <ClCompile Include="Source\Engine\ECS.cpp">
      <Filter>SOURCE\ECS</Filter>
    </ClCompile>
    <ClCompile Include="Source\glfwMain.cpp">
      <Filter>SOURCE</Filter>
    </ClCompile>
    <ClCompile Include="Source\Engine\GpuMemoryAllocator.cpp">
      <Filter>SOURCE\Graphics</Filter>
    </ClCompile>
    <ClCompile Include="Source\Engine\EnvironmentMap.cpp">
      <Filter>SOURCE\Graphics</Filter>
    </ClCompile>
    <ClCompile Include="Source\Engine\Renderer.cpp">
      <Filter>SOURCE\Graphics</Filter>
    </ClCompile>
    <ClCompile Include="Source\Engine\ImageLoader.cpp">
      <Filter>SOURCE\Utils</Filter>
    </ClCompile>
    <ClCompile Include="Source\Engine\FX\Bloom.cpp">
      <Filter>SOURCE\FX</Filter>
    </ClCompile>
    <ClCompile Include="Source\Engine\Camera.cpp">
      <Filter>SOURCE\ECS</Filter>
    </ClCompile>
    <ClCompile Include="Source\Editor\EditorApplication.cpp">
      <Filter>SOURCE</Filter>
    </ClCompile>
    <ClCompile Include="Source\Engine\Profiler.cpp">
      <Filter>SOURCE</Filter>
    </ClCompile>
    <ClCompile Include="Source\Editor\SceneHierarchy.cpp">
      <Filter>SOURCE</Filter>
    </ClCompile>
    <ClCompile Include="Source\Engine\TextureCache.cpp">
      <Filter>SOURCE</Filter>
    </ClCompile>
    <ClCompile Include="Source\Engine\DebugDraw.cpp">
      <Filter>SOURCE</Filter>
    </ClCompile>
    <ClCompile Include="Source\Shared\MathUtils.cpp">
      <Filter>SOURCE</Filter>
    </ClCompile>
    <ClCompile Include="Source\Engine\CascadedShadowMap.cpp">
      <Filter>SOURCE</Filter>
    </ClCompile>
    <ClCompile Include="Source\Editor\ImGui\imgui.cpp">
      <Filter>SOURCE</Filter>
    </ClCompile>
    <ClCompile Include="Source\Editor\ImGui\imgui_demo.cpp">
      <Filter>SOURCE</Filter>
    </ClCompile>
    <ClCompile Include="Source\Editor\ImGui\imgui_draw.cpp">
      <Filter>SOURCE</Filter>
    </ClCompile>
    <ClCompile Include="Source\Editor\ImGui\imgui_impl_glfw.cpp">
      <Filter>SOURCE</Filter>
    </ClCompile>
    <ClCompile Include="Source\Editor\ImGui\imgui_impl_vulkan.cpp">
      <Filter>SOURCE</Filter>
    </ClCompile>
    <ClCompile Include="Source\Editor\ImGui\imgui_tables.cpp">
      <Filter>SOURCE</Filter>
    </ClCompile>
    <ClCompile Include="Source\Editor\ImGui\imgui_widgets.cpp">
      <Filter>SOURCE</Filter>
    </ClCompile>
    <ClCompile Include="Source\Editor\ImPlot\implot.cpp">
      <Filter>SOURCE</Filter>
    </ClCompile>
    <ClCompile Include="Source\Editor\ImPlot\implot_demo.cpp">
      <Filter>SOURCE</Filter>
    </ClCompile>
    <ClCompile Include="Source\Editor\ImPlot\implot_items.cpp">
      <Filter>SOURCE</Filter>
    </ClCompile>
  </ItemGroup>
  <ItemGroup>
    <CustomBuild Include="..\Assets\Shaders\main.frag.glsl">
      <Filter>SHADERS</Filter>
    </CustomBuild>
    <CustomBuild Include="..\Assets\Shaders\main.vert.glsl">
      <Filter>SHADERS</Filter>
    </CustomBuild>
    <CustomBuild Include="..\Assets\Shaders\cubemap.frag.glsl">
      <Filter>SHADERS</Filter>
    </CustomBuild>
    <CustomBuild Include="..\Assets\Shaders\cubemap.vert.glsl">
      <Filter>SHADERS</Filter>
    </CustomBuild>
    <CustomBuild Include="..\Assets\Shaders\envmap\brdf_lut.comp.glsl">
      <Filter>SHADERS</Filter>
    </CustomBuild>
    <CustomBuild Include="..\Assets\Shaders\bloom\downsample.comp.glsl">
      <Filter>SHADERS</Filter>
    </CustomBuild>
    <CustomBuild Include="..\Assets\Shaders\envmap\hdri_converter.comp.glsl">
      <Filter>SHADERS</Filter>
    </CustomBuild>
    <CustomBuild Include="..\Assets\Shaders\envmap\irradiance.comp.glsl">
      <Filter>SHADERS</Filter>
    </CustomBuild>
    <CustomBuild Include="..\Assets\Shaders\envmap\prefilter_env.comp.glsl">
      <Filter>SHADERS</Filter>
    </CustomBuild>
    <CustomBuild Include="..\Assets\Shaders\bloom\upsample.comp.glsl">
      <Filter>SHADERS</Filter>
    </CustomBuild>
    <CustomBuild Include="..\Assets\Shaders\bloom\bloom-final.comp.glsl">
      <Filter>SHADERS</Filter>
    </CustomBuild>
    <CustomBuild Include="..\Assets\Shaders\copy.frag.glsl">
      <Filter>SHADERS</Filter>
    </CustomBuild>
    <CustomBuild Include="..\Assets\Shaders\copy.vert.glsl">
      <Filter>SHADERS</Filter>
    </CustomBuild>
    <CustomBuild Include="..\Assets\Shaders\debug.frag.glsl" />
    <CustomBuild Include="..\Assets\Shaders\debug.vert.glsl" />
    <CustomBuild Include="..\Assets\Shaders\shadow.geom.glsl">
      <Filter>SHADERS</Filter>
    </CustomBuild>
    <CustomBuild Include="..\Assets\Shaders\shadow.vert.glsl">
      <Filter>SHADERS</Filter>
    </CustomBuild>
  </ItemGroup>
  <ItemGroup>
    <None Include="..\Assets\Shaders\mesh.glsl">
      <Filter>SHADERS</Filter>
    </None>
    <None Include="..\Assets\Shaders\pbr.glsl">
      <Filter>SHADERS</Filter>
    </None>
    <None Include="..\Assets\Shaders\bindings.glsl">
      <Filter>SHADERS</Filter>
    </None>
    <None Include="..\Assets\Shaders\envmap\cubemap.glsl">
      <Filter>SHADERS</Filter>
    </None>
    <None Include="..\Assets\Shaders\shadow.glsl">
      <Filter>SHADERS</Filter>
    </None>
  </ItemGroup>
</Project>